
Microsoft Visual Studio Solution File, Format Version 12.00
# Visual Studio 15
VisualStudioVersion = 15.0.27703.2047
MinimumVisualStudioVersion = 10.0.40219.1
Project("{FAE04EC0-301F-11D3-BF4B-00C04F79EFBC}") = "SimplifiedDate", "PrudentialTest\SimplifiedDate.csproj", "{C6819890-49B2-4D58-88B7-9377AEF9D9B3}"
EndProject
Project("{FAE04EC0-301F-11D3-BF4B-00C04F79EFBC}") = "SimplifiedDateTests", "SimplifiedDateTests\SimplifiedDateTests.csproj", "{2ABA4CF7-BF50-485D-BB10-5E0FB80D85B1}"
EndProject
Global
	GlobalSection(SolutionConfigurationPlatforms) = preSolution
		Debug|Any CPU = Debug|Any CPU
		Release|Any CPU = Release|Any CPU
	EndGlobalSection
	GlobalSection(ProjectConfigurationPlatforms) = postSolution
		{C6819890-49B2-4D58-88B7-9377AEF9D9B3}.Debug|Any CPU.ActiveCfg = Debug|Any CPU
		{C6819890-49B2-4D58-88B7-9377AEF9D9B3}.Debug|Any CPU.Build.0 = Debug|Any CPU
		{C6819890-49B2-4D58-88B7-9377AEF9D9B3}.Release|Any CPU.ActiveCfg = Release|Any CPU
		{C6819890-49B2-4D58-88B7-9377AEF9D9B3}.Release|Any CPU.Build.0 = Release|Any CPU
		{2ABA4CF7-BF50-485D-BB10-5E0FB80D85B1}.Debug|Any CPU.ActiveCfg = Debug|Any CPU
		{2ABA4CF7-BF50-485D-BB10-5E0FB80D85B1}.Debug|Any CPU.Build.0 = Debug|Any CPU
		{2ABA4CF7-BF50-485D-BB10-5E0FB80D85B1}.Release|Any CPU.ActiveCfg = Release|Any CPU
		{2ABA4CF7-BF50-485D-BB10-5E0FB80D85B1}.Release|Any CPU.Build.0 = Release|Any CPU
	EndGlobalSection
	GlobalSection(SolutionProperties) = preSolution
		HideSolutionNode = FALSE
	EndGlobalSection
	GlobalSection(ExtensibilityGlobals) = postSolution
		SolutionGuid = {8C9A9D29-821C-40D1-B239-FE100CB3BD4B}
	EndGlobalSection
EndGlobal
